
Microsoft Visual Studio Solution File, Format Version 12.00
# Visual Studio Version 17
VisualStudioVersion = 17.10.34928.147
MinimumVisualStudioVersion = 10.0.40219.1
Project("{FAE04EC0-301F-11D3-BF4B-00C04F79EFBC}") = "EF_Core_Learning", "EF_Core_Learning\EF_Core_Learning.csproj", "{102168AE-6CC2-4CD3-87F2-A1C492B96169}"
EndProject
Global
	GlobalSection(SolutionConfigurationPlatforms) = preSolution
		Debug|Any CPU = Debug|Any CPU
		Release|Any CPU = Release|Any CPU
	EndGlobalSection
	GlobalSection(ProjectConfigurationPlatforms) = postSolution
		{102168AE-6CC2-4CD3-87F2-A1C492B96169}.Debug|Any CPU.ActiveCfg = Debug|Any CPU
		{102168AE-6CC2-4CD3-87F2-A1C492B96169}.Debug|Any CPU.Build.0 = Debug|Any CPU
		{102168AE-6CC2-4CD3-87F2-A1C492B96169}.Release|Any CPU.ActiveCfg = Release|Any CPU
		{102168AE-6CC2-4CD3-87F2-A1C492B96169}.Release|Any CPU.Build.0 = Release|Any CPU
	EndGlobalSection
	GlobalSection(SolutionProperties) = preSolution
		HideSolutionNode = FALSE
	EndGlobalSection
	GlobalSection(ExtensibilityGlobals) = postSolution
		SolutionGuid = {8D12ACD8-147C-42B1-B30D-8B4A9019C2BB}
	EndGlobalSection
EndGlobal
